
Microsoft Visual Studio Solution File, Format Version 12.00
# Visual Studio Version 16
VisualStudioVersion = 16.0.31005.135
MinimumVisualStudioVersion = 10.0.40219.1
Project("{9A19103F-16F7-4668-BE54-9A1E7A4F7556}") = "Entities", "Entities\Entities.csproj", "{0419CFB4-8584-4AA9-BBAC-C92ABF80D6C2}"
EndProject
Project("{9A19103F-16F7-4668-BE54-9A1E7A4F7556}") = "DataAccess", "DataAccess\DataAccess.csproj", "{546C4F7A-4A49-44D8-82B3-89BB49D259E8}"
EndProject
Project("{9A19103F-16F7-4668-BE54-9A1E7A4F7556}") = "Business", "Business\Business.csproj", "{6BA7C1C1-0F95-4069-B0F0-AC2BB12DCF25}"
EndProject
Project("{9A19103F-16F7-4668-BE54-9A1E7A4F7556}") = "ConsoleUI", "ConsoleUI\ConsoleUI.csproj", "{A3F80F87-1D62-455F-96D1-C582000AA8A5}"
EndProject
Project("{FAE04EC0-301F-11D3-BF4B-00C04F79EFBC}") = "Core", "Core\Core.csproj", "{EBFC06BB-18A6-44B7-A934-714381B05BA6}"
EndProject
Global
	GlobalSection(SolutionConfigurationPlatforms) = preSolution
		Debug|Any CPU = Debug|Any CPU
		Release|Any CPU = Release|Any CPU
	EndGlobalSection
	GlobalSection(ProjectConfigurationPlatforms) = postSolution
		{0419CFB4-8584-4AA9-BBAC-C92ABF80D6C2}.Debug|Any CPU.ActiveCfg = Debug|Any CPU
		{0419CFB4-8584-4AA9-BBAC-C92ABF80D6C2}.Debug|Any CPU.Build.0 = Debug|Any CPU
		{0419CFB4-8584-4AA9-BBAC-C92ABF80D6C2}.Release|Any CPU.ActiveCfg = Release|Any CPU
		{0419CFB4-8584-4AA9-BBAC-C92ABF80D6C2}.Release|Any CPU.Build.0 = Release|Any CPU
		{546C4F7A-4A49-44D8-82B3-89BB49D259E8}.Debug|Any CPU.ActiveCfg = Debug|Any CPU
		{546C4F7A-4A49-44D8-82B3-89BB49D259E8}.Debug|Any CPU.Build.0 = Debug|Any CPU
		{546C4F7A-4A49-44D8-82B3-89BB49D259E8}.Release|Any CPU.ActiveCfg = Release|Any CPU
		{546C4F7A-4A49-44D8-82B3-89BB49D259E8}.Release|Any CPU.Build.0 = Release|Any CPU
		{6BA7C1C1-0F95-4069-B0F0-AC2BB12DCF25}.Debug|Any CPU.ActiveCfg = Debug|Any CPU
		{6BA7C1C1-0F95-4069-B0F0-AC2BB12DCF25}.Debug|Any CPU.Build.0 = Debug|Any CPU
		{6BA7C1C1-0F95-4069-B0F0-AC2BB12DCF25}.Release|Any CPU.ActiveCfg = Release|Any CPU
		{6BA7C1C1-0F95-4069-B0F0-AC2BB12DCF25}.Release|Any CPU.Build.0 = Release|Any CPU
		{A3F80F87-1D62-455F-96D1-C582000AA8A5}.Debug|Any CPU.ActiveCfg = Debug|Any CPU
		{A3F80F87-1D62-455F-96D1-C582000AA8A5}.Debug|Any CPU.Build.0 = Debug|Any CPU
		{A3F80F87-1D62-455F-96D1-C582000AA8A5}.Release|Any CPU.ActiveCfg = Release|Any CPU
		{A3F80F87-1D62-455F-96D1-C582000AA8A5}.Release|Any CPU.Build.0 = Release|Any CPU
		{EBFC06BB-18A6-44B7-A934-714381B05BA6}.Debug|Any CPU.ActiveCfg = Debug|Any CPU
		{EBFC06BB-18A6-44B7-A934-714381B05BA6}.Debug|Any CPU.Build.0 = Debug|Any CPU
		{EBFC06BB-18A6-44B7-A934-714381B05BA6}.Release|Any CPU.ActiveCfg = Release|Any CPU
		{EBFC06BB-18A6-44B7-A934-714381B05BA6}.Release|Any CPU.Build.0 = Release|Any CPU
	EndGlobalSection
	GlobalSection(SolutionProperties) = preSolution
		HideSolutionNode = FALSE
	EndGlobalSection
	GlobalSection(ExtensibilityGlobals) = postSolution
		SolutionGuid = {510214DA-23E5-4B7F-838F-7972DC11A239}
	EndGlobalSection
EndGlobal
